
Microsoft Visual Studio Solution File, Format Version 12.00
# Visual Studio Version 17
VisualStudioVersion = 17.0.31903.59
MinimumVisualStudioVersion = 10.0.40219.1
Project("{2150E333-8FDC-42A3-9474-1A3956D46DE8}") = "src", "src", "{84CD3A40-B163-44AC-B4F1-752964B1E4DF}"
EndProject
Project("{FAE04EC0-301F-11D3-BF4B-00C04F79EFBC}") = "Utcp.Core", "src\Utcp.Core\Utcp.Core.csproj", "{7EB984C6-CED0-46E2-933D-83D46DA1BB04}"
EndProject
Project("{FAE04EC0-301F-11D3-BF4B-00C04F79EFBC}") = "Utcp.Http", "src\Utcp.Http\Utcp.Http.csproj", "{7CE32BBD-6360-4FB6-9542-F2ED63A80BE6}"
EndProject
Project("{FAE04EC0-301F-11D3-BF4B-00C04F79EFBC}") = "Utcp.Cli", "src\Utcp.Cli\Utcp.Cli.csproj", "{6A4FBE7E-D563-46BC-869D-E9F170BF15F3}"
EndProject
Project("{FAE04EC0-301F-11D3-BF4B-00C04F79EFBC}") = "Utcp.Mcp", "src\Utcp.Mcp\Utcp.Mcp.csproj", "{C8142853-D38C-4E02-8DCD-0FC8D3CC916B}"
EndProject
Project("{FAE04EC0-301F-11D3-BF4B-00C04F79EFBC}") = "Utcp.Text", "src\Utcp.Text\Utcp.Text.csproj", "{FE7C990A-A656-4CAE-9A1C-4311BE9A6E17}"
EndProject
Project("{FAE04EC0-301F-11D3-BF4B-00C04F79EFBC}") = "Utcp.Socket", "src\Utcp.Socket\Utcp.Socket.csproj", "{6A17976D-1D43-4982-9032-58BD96BC1966}"
EndProject
Project("{FAE04EC0-301F-11D3-BF4B-00C04F79EFBC}") = "Utcp.Gql", "src\Utcp.Gql\Utcp.Gql.csproj", "{B3084735-EBFC-4594-8B49-12638438FAFE}"
EndProject
Project("{2150E333-8FDC-42A3-9474-1A3956D46DE8}") = "tests", "tests", "{084EC6BB-E872-46DE-AA85-1116BF5656CC}"
EndProject
Project("{FAE04EC0-301F-11D3-BF4B-00C04F79EFBC}") = "Utcp.Core.Tests", "tests\Utcp.Core.Tests\Utcp.Core.Tests.csproj", "{DF785B31-FC48-4F76-BA8A-1D7ED5F47A73}"
EndProject
Project("{FAE04EC0-301F-11D3-BF4B-00C04F79EFBC}") = "Utcp.Http.Tests", "tests\Utcp.Http.Tests\Utcp.Http.Tests.csproj", "{09E43340-994C-4891-9632-8F38B89D9A07}"
EndProject
Project("{FAE04EC0-301F-11D3-BF4B-00C04F79EFBC}") = "Utcp.Cli.Tests", "tests\Utcp.Cli.Tests\Utcp.Cli.Tests.csproj", "{DD0AC584-843E-42D4-A9A4-9BA60DA94B99}"
EndProject
Project("{FAE04EC0-301F-11D3-BF4B-00C04F79EFBC}") = "Utcp.Mcp.Tests", "tests\Utcp.Mcp.Tests\Utcp.Mcp.Tests.csproj", "{C9EB1CF5-95BD-44C5-AB94-D1CCA0FBA6C2}"
EndProject
Project("{FAE04EC0-301F-11D3-BF4B-00C04F79EFBC}") = "Utcp.Text.Tests", "tests\Utcp.Text.Tests\Utcp.Text.Tests.csproj", "{EA1926DB-D7F1-4029-B567-C54F35FABEC9}"
EndProject
Project("{FAE04EC0-301F-11D3-BF4B-00C04F79EFBC}") = "Utcp.Socket.Tests", "tests\Utcp.Socket.Tests\Utcp.Socket.Tests.csproj", "{B4A6A894-B6B1-4157-9851-57AE26E79515}"
EndProject
Project("{FAE04EC0-301F-11D3-BF4B-00C04F79EFBC}") = "Utcp.Gql.Tests", "tests\Utcp.Gql.Tests\Utcp.Gql.Tests.csproj", "{FF8DD954-3F98-4CBA-B09A-F952AD56A7CD}"
EndProject
Project("{2150E333-8FDC-42A3-9474-1A3956D46DE8}") = "samples", "samples", "{7CDC8FB1-E12B-4B99-8922-804D449B6A45}"
EndProject
Project("{FAE04EC0-301F-11D3-BF4B-00C04F79EFBC}") = "ClientSample", "samples\ClientSample\ClientSample.csproj", "{871707BD-BA0C-4155-B085-1A693468BAFB}"
EndProject
Project("{FAE04EC0-301F-11D3-BF4B-00C04F79EFBC}") = "ServerSample", "samples\ServerSample\ServerSample.csproj", "{EBF7EFE5-0414-44A0-BA9F-0A40457A4706}"
EndProject
Global
	GlobalSection(SolutionConfigurationPlatforms) = preSolution
		Debug|Any CPU = Debug|Any CPU
		Release|Any CPU = Release|Any CPU
	EndGlobalSection
	GlobalSection(SolutionProperties) = preSolution
		HideSolutionNode = FALSE
	EndGlobalSection
	GlobalSection(ProjectConfigurationPlatforms) = postSolution
		{7EB984C6-CED0-46E2-933D-83D46DA1BB04}.Debug|Any CPU.ActiveCfg = Debug|Any CPU
		{7EB984C6-CED0-46E2-933D-83D46DA1BB04}.Debug|Any CPU.Build.0 = Debug|Any CPU
		{7EB984C6-CED0-46E2-933D-83D46DA1BB04}.Release|Any CPU.ActiveCfg = Release|Any CPU
		{7EB984C6-CED0-46E2-933D-83D46DA1BB04}.Release|Any CPU.Build.0 = Release|Any CPU
		{7CE32BBD-6360-4FB6-9542-F2ED63A80BE6}.Debug|Any CPU.ActiveCfg = Debug|Any CPU
		{7CE32BBD-6360-4FB6-9542-F2ED63A80BE6}.Debug|Any CPU.Build.0 = Debug|Any CPU
		{7CE32BBD-6360-4FB6-9542-F2ED63A80BE6}.Release|Any CPU.ActiveCfg = Release|Any CPU
		{7CE32BBD-6360-4FB6-9542-F2ED63A80BE6}.Release|Any CPU.Build.0 = Release|Any CPU
		{6A4FBE7E-D563-46BC-869D-E9F170BF15F3}.Debug|Any CPU.ActiveCfg = Debug|Any CPU
		{6A4FBE7E-D563-46BC-869D-E9F170BF15F3}.Debug|Any CPU.Build.0 = Debug|Any CPU
		{6A4FBE7E-D563-46BC-869D-E9F170BF15F3}.Release|Any CPU.ActiveCfg = Release|Any CPU
		{6A4FBE7E-D563-46BC-869D-E9F170BF15F3}.Release|Any CPU.Build.0 = Release|Any CPU
		{C8142853-D38C-4E02-8DCD-0FC8D3CC916B}.Debug|Any CPU.ActiveCfg = Debug|Any CPU
		{C8142853-D38C-4E02-8DCD-0FC8D3CC916B}.Debug|Any CPU.Build.0 = Debug|Any CPU
		{C8142853-D38C-4E02-8DCD-0FC8D3CC916B}.Release|Any CPU.ActiveCfg = Release|Any CPU
		{C8142853-D38C-4E02-8DCD-0FC8D3CC916B}.Release|Any CPU.Build.0 = Release|Any CPU
		{FE7C990A-A656-4CAE-9A1C-4311BE9A6E17}.Debug|Any CPU.ActiveCfg = Debug|Any CPU
		{FE7C990A-A656-4CAE-9A1C-4311BE9A6E17}.Debug|Any CPU.Build.0 = Debug|Any CPU
		{FE7C990A-A656-4CAE-9A1C-4311BE9A6E17}.Release|Any CPU.ActiveCfg = Release|Any CPU
		{FE7C990A-A656-4CAE-9A1C-4311BE9A6E17}.Release|Any CPU.Build.0 = Release|Any CPU
		{6A17976D-1D43-4982-9032-58BD96BC1966}.Debug|Any CPU.ActiveCfg = Debug|Any CPU
		{6A17976D-1D43-4982-9032-58BD96BC1966}.Debug|Any CPU.Build.0 = Debug|Any CPU
		{6A17976D-1D43-4982-9032-58BD96BC1966}.Release|Any CPU.ActiveCfg = Release|Any CPU
		{6A17976D-1D43-4982-9032-58BD96BC1966}.Release|Any CPU.Build.0 = Release|Any CPU
		{B3084735-EBFC-4594-8B49-12638438FAFE}.Debug|Any CPU.ActiveCfg = Debug|Any CPU
		{B3084735-EBFC-4594-8B49-12638438FAFE}.Debug|Any CPU.Build.0 = Debug|Any CPU
		{B3084735-EBFC-4594-8B49-12638438FAFE}.Release|Any CPU.ActiveCfg = Release|Any CPU
		{B3084735-EBFC-4594-8B49-12638438FAFE}.Release|Any CPU.Build.0 = Release|Any CPU
		{DF785B31-FC48-4F76-BA8A-1D7ED5F47A73}.Debug|Any CPU.ActiveCfg = Debug|Any CPU
		{DF785B31-FC48-4F76-BA8A-1D7ED5F47A73}.Debug|Any CPU.Build.0 = Debug|Any CPU
		{DF785B31-FC48-4F76-BA8A-1D7ED5F47A73}.Release|Any CPU.ActiveCfg = Release|Any CPU
		{DF785B31-FC48-4F76-BA8A-1D7ED5F47A73}.Release|Any CPU.Build.0 = Release|Any CPU
		{09E43340-994C-4891-9632-8F38B89D9A07}.Debug|Any CPU.ActiveCfg = Debug|Any CPU
		{09E43340-994C-4891-9632-8F38B89D9A07}.Debug|Any CPU.Build.0 = Debug|Any CPU
		{09E43340-994C-4891-9632-8F38B89D9A07}.Release|Any CPU.ActiveCfg = Release|Any CPU
		{09E43340-994C-4891-9632-8F38B89D9A07}.Release|Any CPU.Build.0 = Release|Any CPU
		{DD0AC584-843E-42D4-A9A4-9BA60DA94B99}.Debug|Any CPU.ActiveCfg = Debug|Any CPU
		{DD0AC584-843E-42D4-A9A4-9BA60DA94B99}.Debug|Any CPU.Build.0 = Debug|Any CPU
		{DD0AC584-843E-42D4-A9A4-9BA60DA94B99}.Release|Any CPU.ActiveCfg = Release|Any CPU
		{DD0AC584-843E-42D4-A9A4-9BA60DA94B99}.Release|Any CPU.Build.0 = Release|Any CPU
		{C9EB1CF5-95BD-44C5-AB94-D1CCA0FBA6C2}.Debug|Any CPU.ActiveCfg = Debug|Any CPU
		{C9EB1CF5-95BD-44C5-AB94-D1CCA0FBA6C2}.Debug|Any CPU.Build.0 = Debug|Any CPU
		{C9EB1CF5-95BD-44C5-AB94-D1CCA0FBA6C2}.Release|Any CPU.ActiveCfg = Release|Any CPU
		{C9EB1CF5-95BD-44C5-AB94-D1CCA0FBA6C2}.Release|Any CPU.Build.0 = Release|Any CPU
		{EA1926DB-D7F1-4029-B567-C54F35FABEC9}.Debug|Any CPU.ActiveCfg = Debug|Any CPU
		{EA1926DB-D7F1-4029-B567-C54F35FABEC9}.Debug|Any CPU.Build.0 = Debug|Any CPU
		{EA1926DB-D7F1-4029-B567-C54F35FABEC9}.Release|Any CPU.ActiveCfg = Release|Any CPU
		{EA1926DB-D7F1-4029-B567-C54F35FABEC9}.Release|Any CPU.Build.0 = Release|Any CPU
		{B4A6A894-B6B1-4157-9851-57AE26E79515}.Debug|Any CPU.ActiveCfg = Debug|Any CPU
		{B4A6A894-B6B1-4157-9851-57AE26E79515}.Debug|Any CPU.Build.0 = Debug|Any CPU
		{B4A6A894-B6B1-4157-9851-57AE26E79515}.Release|Any CPU.ActiveCfg = Release|Any CPU
		{B4A6A894-B6B1-4157-9851-57AE26E79515}.Release|Any CPU.Build.0 = Release|Any CPU
		{FF8DD954-3F98-4CBA-B09A-F952AD56A7CD}.Debug|Any CPU.ActiveCfg = Debug|Any CPU
		{FF8DD954-3F98-4CBA-B09A-F952AD56A7CD}.Debug|Any CPU.Build.0 = Debug|Any CPU
		{FF8DD954-3F98-4CBA-B09A-F952AD56A7CD}.Release|Any CPU.ActiveCfg = Release|Any CPU
		{FF8DD954-3F98-4CBA-B09A-F952AD56A7CD}.Release|Any CPU.Build.0 = Release|Any CPU
		{871707BD-BA0C-4155-B085-1A693468BAFB}.Debug|Any CPU.ActiveCfg = Debug|Any CPU
		{871707BD-BA0C-4155-B085-1A693468BAFB}.Debug|Any CPU.Build.0 = Debug|Any CPU
		{871707BD-BA0C-4155-B085-1A693468BAFB}.Release|Any CPU.ActiveCfg = Release|Any CPU
		{871707BD-BA0C-4155-B085-1A693468BAFB}.Release|Any CPU.Build.0 = Release|Any CPU
		{EBF7EFE5-0414-44A0-BA9F-0A40457A4706}.Debug|Any CPU.ActiveCfg = Debug|Any CPU
		{EBF7EFE5-0414-44A0-BA9F-0A40457A4706}.Debug|Any CPU.Build.0 = Debug|Any CPU
		{EBF7EFE5-0414-44A0-BA9F-0A40457A4706}.Release|Any CPU.ActiveCfg = Release|Any CPU
		{EBF7EFE5-0414-44A0-BA9F-0A40457A4706}.Release|Any CPU.Build.0 = Release|Any CPU
	EndGlobalSection
	GlobalSection(NestedProjects) = preSolution
		{7EB984C6-CED0-46E2-933D-83D46DA1BB04} = {84CD3A40-B163-44AC-B4F1-752964B1E4DF}
		{7CE32BBD-6360-4FB6-9542-F2ED63A80BE6} = {84CD3A40-B163-44AC-B4F1-752964B1E4DF}
		{6A4FBE7E-D563-46BC-869D-E9F170BF15F3} = {84CD3A40-B163-44AC-B4F1-752964B1E4DF}
		{C8142853-D38C-4E02-8DCD-0FC8D3CC916B} = {84CD3A40-B163-44AC-B4F1-752964B1E4DF}
		{FE7C990A-A656-4CAE-9A1C-4311BE9A6E17} = {84CD3A40-B163-44AC-B4F1-752964B1E4DF}
		{6A17976D-1D43-4982-9032-58BD96BC1966} = {84CD3A40-B163-44AC-B4F1-752964B1E4DF}
		{B3084735-EBFC-4594-8B49-12638438FAFE} = {84CD3A40-B163-44AC-B4F1-752964B1E4DF}
		{DF785B31-FC48-4F76-BA8A-1D7ED5F47A73} = {084EC6BB-E872-46DE-AA85-1116BF5656CC}
		{09E43340-994C-4891-9632-8F38B89D9A07} = {084EC6BB-E872-46DE-AA85-1116BF5656CC}
		{DD0AC584-843E-42D4-A9A4-9BA60DA94B99} = {084EC6BB-E872-46DE-AA85-1116BF5656CC}
		{C9EB1CF5-95BD-44C5-AB94-D1CCA0FBA6C2} = {084EC6BB-E872-46DE-AA85-1116BF5656CC}
		{EA1926DB-D7F1-4029-B567-C54F35FABEC9} = {084EC6BB-E872-46DE-AA85-1116BF5656CC}
		{B4A6A894-B6B1-4157-9851-57AE26E79515} = {084EC6BB-E872-46DE-AA85-1116BF5656CC}
		{FF8DD954-3F98-4CBA-B09A-F952AD56A7CD} = {084EC6BB-E872-46DE-AA85-1116BF5656CC}
		{871707BD-BA0C-4155-B085-1A693468BAFB} = {7CDC8FB1-E12B-4B99-8922-804D449B6A45}
		{EBF7EFE5-0414-44A0-BA9F-0A40457A4706} = {7CDC8FB1-E12B-4B99-8922-804D449B6A45}
	EndGlobalSection
EndGlobal
